4.5.4
      rimraf: 3.0.2

  flatted@3.4.4: {}

  flow-enums-runtime@0.0.6: {}

  fontfaceobserver@2.3.0: {}

  form-data@4.0.6:
    dependencies:
      asynckit: 0.4.0
      combined-stream: 1.0.8
      es-set-tostringtag: 2.1.0
      hasown: 2.0.4
      mime-types: 2.1.35

  forwarded@0.2.0: {}

  framer-motion@12.42.2(react-dom@19.1.0(react@19.1.0))(react@19.1.0):
    dependencies:
      motion-dom: 12.42.2
      motion-utils: 12.39.0
      tslib: 2.8.1
    optionalDependencies:
      react: 19.1.0
      react-dom: 19.1.0(react@19.1.0)

  fresh@0.5.2: {}

  fresh@2.0.0: {}

  fs-extra@11.3.6:
    dependencies:
      graceful-fs: 4.2.11
      jsonfile: 6.2.1
      universalify: 2.0.1

  fs.realpath@1.0.0: {}

  fsevents@2.3.3:
    optional: true

  function-bind@1.1.2: {}

  gensync@1.0.0-beta.2: {}

  get-caller-file@2.0.5: {}

  get-intrinsic@1.3.0:
    dependencies:
      call-bind-apply-helpers: 1.0.2
      es-define-property: 1.0.1
      es-errors: 1.3.0
      es-object-atoms: 1.1.2
      function-bind: 1.1.2
      get-proto: 1.0.1
      gopd: 1.2.0
      has-symbols: 1.1.0
      hasown: 2.0.4
      math-intrinsics: 1.1.0

  get-nonce@1.0.1: {}

  get-package-type@0.1.0: {}

  get-proto@1.0.1:
    dependencies:
      dunder-proto: 1.0.1
      es-object-atoms: 1.1.2

  get-stream@5.2.0:
    dependencies:
      pump: 3.0.4

  get-stream@6.0.1: {}

  get-stream@9.0.1:
    dependencies:
      '@sec-ant/readable-stream': 0.4.1
      is-stream: 4.0.1

  get-tsconfig@4.14.0:
    dependencies:
      resolve-pkg-maps: 1.0.0

  getenv@2.0.0: {}

  glob-parent@5.1.2:
    dependencies:
      is-glob: 4.0.3

  glob-parent@6.0.2:
    dependencies:
      is-glob: 4.0.3

  glob-to-regexp@0.4.1: {}

  glob@13.0.6:
    dependencies:
      minimatch: 10.2.5
      minipass: 7.1.3
      path-scurry: 2.0.2

  glob@7.2.3:
    dependencies:
      fs.realpath: 1.0.0
      inflight: 1.0.6
      inherits: 2.0.4
      minimatch: 3.1.5
      once: 1.4.0
      path-is-absolute: 1.0.1

  globals@13.24.0:
    dependencies:
      type-fest: 0.20.2

  gopd@1.2.0: {}

  got@11.8.6:
    dependencies:
      '@sindresorhus/is': 4.6.0
      '@szmarczak/http-timer': 4.0.6
      '@types/cacheable-request': 6.0.3
      '@types/responselike': 1.0.3
      cacheable-lookup: 5.0.4
      cacheable-request: 7.0.4
      decompress-response: 6.0.0
      http2-wrapper: 1.0.3
      lowercase-keys: 2.0.0
      p-cancelable: 2.1.1
      responselike: 2.0.1

  graceful-fs@4.2.11: {}

  graphemer@1.4.0: {}

  has-flag@3.0.0: {}

  has-flag@4.0.0: {}

  has-symbols@1.1.0: {}

  has-tostringtag@1.0.2:
    dependencies:
      has-symbols: 1.1.0

  hasown@2.0.4:
    dependencies:
      function-bind: 1.1.2

  help-me@5.0.0: {}

  hermes-compiler@250829098.0.16: {}

  hermes-estree@0.35.0: {}

  hermes-estree@0.36.0: {}

  hermes-estree@0.36.1: {}

  hermes-parser@0.35.0:
    dependencies:
      hermes-estree: 0.35.0

  hermes-parser@0.36.0:
    dependencies:
      hermes-estree: 0.36.0

  hermes-parser@0.36.1:
    dependencies:
      hermes-estree: 0.36.1

  hosted-git-info@7.0.2:
    dependencies:
      lru-cache: 10.4.3

  html-encoding-sniffer@3.0.0:
    dependencies:
      whatwg-encoding: 2.0.0

  html-escaper@2.0.2: {}

  http-cache-semantics@4.2.0: {}

  http-errors@2.0.1:
    dependencies:
      depd: 2.0.0
      inherits: 2.0.4
      setprototypeof: 1.2.0
      statuses: 2.0.2
      toidentifier: 1.0.1

  http-proxy-agent@5.0.0:
    dependencies:
      '@tootallnate/once': 2.0.1
      agent-base: 6.0.2
      debug: 4.4.3
    transitivePeerDependencies:
      - supports-color

  http-proxy-middleware@4.2.0:
    dependencies:
      debug: 4.4.3
      httpxy: 0.5.5
      is-glob: 4.0.3
      is-plain-obj: 4.1.0
      micromatch: 4.0.8
    transitivePeerDependencies:
      - supports-color

  http2-wrapper@1.0.3:
    dependencies:
      quick-lru: 5.1.1
      resolve-alpn: 1.2.1

  https-proxy-agent@5.0.1:
    dependencies:
      agent-base: 6.0.2
      debug: 4.4.3
    transitivePeerDependencies:
      - supports-color

  https-proxy-agent@7.0.6:
    dependencies:
      agent-base: 7.1.4
      debug: 4.4.3
    transitivePeerDependencies:
      - supports-color

  httpxy@0.5.5: {}

  human-signals@2.1.0: {}

  human-signals@8.0.1: {}

  hyphenate-style-name@1.1.0: {}

  iconv-lite@0.6.3:
    dependencies:
      safer-buffer: 2.1.2

  iconv-lite@0.7.3:
    dependencies:
      safer-buffer: 2.1.2

  ignore@5.3.2: {}

  ignore@7.0.6: {}

  image-size@1.2.1:
    dependencies:
      queue: 6.0.2

  import-fresh@3.3.1:
    dependencies:
      parent-module: 1.0.1
      resolve-from: 4.0.0

  import-local@3.2.0:
    dependencies:
      pkg-dir: 4.2.0
      resolve-cwd: 3.0.0

  imurmurhash@0.1.4: {}

  indent-string@4.0.0: {}

  inflight@1.0.6:
    dependencies:
      once: 1.4.0
      wrappy: 1.0.2

  inherits@2.0.4: {}

  inline-style-prefixer@7.0.1:
    dependencies:
      css-in-js-utils: 3.1.0

  input-otp@1.4.2(react-dom@19.1.0(react@19.1.0))(react@19.1.0):
    dependencies:
      react: 19.1.0
      react-dom: 19.1.0(react@19.1.0)

  internmap@2.0.3: {}

  invariant@2.2.4:
    dependencies:
      loose-envify: 1.4.0

  ipaddr.js@1.9.1: {}

  is-arrayish@0.2.1: {}

  is-arrayish@0.3.4: {}

  is-core-module@2.16.2:
    dependencies:
      hasown: 2.0.4

  is-docker@2.2.1: {}

  is-extglob@2.1.1: {}

  is-fullwidth-code-point@3.0.0: {}

  is-generator-fn@2.1.0: {}

  is-glob@4.0.3:
    dependencies:
      is-extglob: 2.1.1

  is-number@7.0.0: {}

  is-path-inside@3.0.3: {}

  is-plain-obj@2.1.0: {}

  is-plain-obj@4.1.0: {}

  is-potential-custom-element-name@1.0.1: {}

  is-promise@4.0.0: {}

  is-stream@2.0.1: {}

  is-stream@4.0.1: {}

  is-unicode-supported@2.1.0: {}

  is-wsl@2.2.0:
    dependencies:
      is-docker: 2.2.1

  isexe@2.0.0: {}

  istanbul-lib-coverage@3.2.2: {}

  istanbul-lib-instrument@5.2.1:
    dependencies:
      '@babel/core': 7.29.7
      '@babel/parser': 7.29.7
      '@istanbuljs/schema': 0.1.6
      istanbul-lib-coverage: 3.2.2
      semver: 6.3.1
    transitivePeerDependencies:
      - supports-color

  istanbul-lib-instrument@6.0.3:
    dependencies:
      '@babel/core': 7.29.7
      '@babel/parser': 7.29.7
      '@istanbuljs/schema': 0.1.6
      istanbul-lib-coverage: 3.2.2
      semver: 7.8.5
    transitivePeerDependencies:
      - supports-color

  istanbul-lib-report@3.0.1:
    dependencies:
      istanbul-lib-coverage: 3.2.2
      make-dir: 4.0.0
      supports-color: 7.2.0

  istanbul-lib-source-maps@4.0.1:
    dependencies:
      debug: 4.4.3
      istanbul-lib-coverage: 3.2.2
      source-map: 0.6.1
    transitivePeerDependencies:
      - supports-color

  istanbul-reports@3.2.0:
    dependencies:
      html-escaper: 2.0.2
      istanbul-lib-report: 3.0.1

  jest-changed-files@29.7.0:
    dependencies:
      execa: 5.1.1
      jest-util: 29.7.0
      p-limit: 3.1.0

  jest-circus@29.7.0:
    dependencies:
      '@jest/environment': 29.7.0
      '@jest/expect': 29.7.0
      '@jest/test-result': 29.7.0
      '@jest/types': 29.6.3
      '@types/node': 25.9.5
      chalk: 4.1.2
      co: 4.6.0
      dedent: 1.7.2
      is-generator-fn: 2.1.0
      jest-each: 29.7.0
      jest-matcher-utils: 29.7.0
      jest-message-util: 29.7.0
      jest-runtime: 29.7.0
      jest-snapshot: 29.7.0
      jest-util: 29.7.0
      p-limit: 3.1.0
      pretty-format: 29.7.0
      pure-rand: 6.1.0
      slash: 3.0.0
      stack-utils: 2.0.6
    transitivePeerDependencies:
      - babel-plugin-macros
      - supports-color

  jest-cli@29.7.0(@types/node@25.9.5):
    dependencies:
      '@jest/core': 29.7.0
      '@jest/test-result': 29.7.0
      '@jest/types': 29.6.3
      chalk: 4.1.2
      create-jest: 29.7.0(@types/node@25.9.5)
      exit: 0.1.2
      import-local: 3.2.0
      jest-config: 29.7.0(@types/node@25.9.5)
      jest-util: 29.7.0
      jest-validate: 29.7.0
      yargs: 17.7.3
    transitivePeerDependencies:
      - '@types/node'
      - babel-plugin-macros
      - supports-color
      - ts-node

  jest-config@29.7.0(@types/node@25.9.5):
    dependencies:
      '@babel/core': 7.29.7
      '@jest/test-sequencer': 29.7.0
      '@jest/types': 29.6.3
      babel-jest: 29.7.0(@babel/core@7.29.7)
      chalk: 4.1.2
      ci-info: 3.9.0
      deepmerge: 4.3.1
      glob: 7.2.3
      graceful-fs: 4.2.11
      jest-circus: 29.7.0
      jest-environment-node: 29.7.0
      jest-get-type: 29.6.3
      jest-regex-util: 29.6.3
      jest-resolve: 29.7.0
      jest-runner: 29.7.0
      jest-util: 29.7.0
      jest-validate: 29.7.0
      micromatch: 4.0.8
      parse-json: 5.2.0
      pretty-format: 29.7.0
      slash: 3.0.0
      strip-json-comments: 3.1.1
    optionalDependencies:
      '@types/node': 25.9.5
    transitivePeerDependencies:
      - babel-plugin-macros
      - supports-color

  jest-diff@29.7.0:
    dependencies:
      chalk: 4.1.2
      diff-sequences: 29.6.3
      jest-get-type: 29.6.3
      pretty-format: 29.7.0

  jest-diff@30.4.1:
    dependencies:
      '@jest/diff-sequences': 30.4.0
      '@jest/get-type': 30.1.0
      chalk: 4.1.2
      pretty-format: 30.4.1

  jest-docblock@29.7.0:
    dependencies:
      detect-newline: 3.1.0

  jest-each@29.7.0:
    dependencies:
      '@jest/types': 29.6.3
      chalk: 4.1.2
      jest-get-type: 29.6.3
      jest-util: 29.7.0
      pretty-format: 29.7.0

  jest-environment-jsdom@29.7.0:
    dependencies:
      '@jest/environment': 29.7.0
      '@jest/fake-timers': 29.7.0
      '@jest/types': 29.6.3
      '@types/jsdom': 20.0.1
      '@types/node': 25.9.5
      jest-mock: 29.7.0
      jest-util: 29.7.0
      jsdom: 20.0.3
    transitivePeerDependencies:
      - bufferutil
      - supports-color
      - utf-8-validate

  jest-environment-node@29.7.0:
    dependencies:
      '@jest/environment': 29.7.0
      '@jest/fake-timers': 29.7.0
      '@jest/types': 29.6.3
      '@types/node': 25.9.5
      jest-mock: 29.7.0
      jest-util: 29.7.0

  jest-expo@57.0.3(@babel/core@7.29.7)(expo@57.0.9)(jest@29.7.0(@types/node@25.9.5))(react-native@0.86.2(@babel/core@7.29.7)(@types/react@19.2.17)(react@19.2.3))(react@19.2.3):
    dependencies:
      '@jest/create-cache-key-function': 29.7.0
      '@jest/globals': 29.7.0
      babel-jest: 29.7.0(@babel/core@7.29.7)
      jest-environment-jsdom: 29.7.0
      jest-snapshot: 29.7.0
      jest-watch-select-projects: 2.0.0
      jest-watch-typeahead: 2.2.1(jest@29.7.0(@types/node@25.9.5))
      json5: 2.2.3
      lodash: 4.18.1
      react-native: 0.86.2(@babel/core@7.29.7)(@types/react@19.2.17)(react@19.2.3)
      react-test-renderer: 19.2.3(react@19.2.3)
      server-only: 0.0.1
      stacktrace-js: 2.0.2
    optionalDependencies:
      expo: 57.0.9(@babel/core@7.29.7)(@expo/metro-runtime@57.0.8)(expo-router@57.0.9)(react-dom@19.2.3(react@19.2.3))(react-native-web@0.21.2(react-dom@19.2.3(react@19.2.3))(react@19.2.3))(react-native-webview@13.16.1(react-native@0.86.2(@babel/core@7.29.7)(@types/react@19.2.17)(react@19.2.3))(react@19.2.3))(react-native-worklets@0.10.1(@babel/core@7.29.7)(react-native@0.86.2(@babel/core@7.29.7)(@types/react@19.2.17)(react@19.2.3))(react@19.2.3))(react-native@0.86.2(@babel/core@7.29.7)(@types/react@19.2.17)(react@19.2.3))(react@19.2.3)(typescript@6.0.3)
    transitivePeerDependencies:
      - '@babel/core'
      - bufferutil
      - canvas
      - jest
      - react
      - supports-color
      - utf-8-validate

  jest-get-type@29.6.3: {}

  jest-haste-map@29.7.0:
    dependencies:
      '@jest/types': 29.6.3
      '@types/graceful-fs': 4.1.9
      '@types/node': 25.9.5
      anymatch: 3.1.3
      fb-watchman: 2.0.2
      graceful-fs: 4.2.11
      jest-regex-util: 29.6.3
      jest-util: 29.7.0
      jest-worker: 29.7.0
      micromatch: 4.0.8
      walker: 1.0.8
    optionalDependencies:
      fsevents: 2.3.3

  jest-leak-detector@29.7.0:
    dependencies:
      jest-get-type: 29.6.3
      pretty-format: 29.7.0

  jest-matcher-utils@29.7.0:
    dependencies:
      chalk: 4.1.2
      jest-diff: 29.7.0
      jest-get-type: 29.6.3
      pretty-format: 29.7.0

  jest-matcher-utils@30.4.1:
    dependencies:
      '@jest/get-type': 30.1.0
      chalk: 4.1.2
      jest-diff: 30.4.1
      pretty-format: 30.4.1

  jest-message-util@29.7.0:
    dependencies:
      '@babel/code-frame': 7.29.7
      '@jest/types': 29.6.3
      '@types/stack-utils': 2.0.3
      chalk: 4.1.2
      graceful-fs: 4.2.11
      micromatch: 4.0.8
      pretty-format: 29.7.0
      slash: 3.0.0
      stack-utils: 2.0.6

  jest-message-util@30.4.1:
    dependencies:
      '@babel/code-frame': 7.29.7
      '@jest/types': 30.4.1
      '@types/stack-utils': 2.0.3
      chalk: 4.1.2
      graceful-fs: 4.2.11
      jest-util: 30.4.1
      picomatch: 4.0.5
      pretty-format: 30.4.1
      slash: 3.0.0
      stack-utils: 2.0.6

  jest-mock@29.7.0:
    dependencies:
      '@jest/types': 29.6.3
      '@types/node': 25.9.5
      jest-util: 29.7.0

  jest-mock@30.4.1:
    dependencies:
      '@jest/types': 30.4.1
      '@types/node': 25.9.5
      jest-util: 30.4.1

  jest-pnp-resolver@1.2.3(jest-resolve@29.7.0):
    optionalDependencies:
      jest-resolve: 29.7.0

  jest-regex-util@29.6.3: {}

  jest-regex-util@30.4.0: {}

  jest-resolve-dependencies@29.7.0:
    dependencies:
      jest-regex-util: 29.6.3
      jest-snapshot: 29.7.0
    transitivePeerDependencies:
      - supports-color

  jest-resolve@29.7.0:
    dependencies:
      chalk: 4.1.2
      graceful-fs: 4.2.11
      jest-haste-map: 29.7.0
      jest-pnp-resolver: 1.2.3(jest-resolve@29.7.0)
      jest-util: 29.7.0
      jest-validate: 29.7.0
      resolve: 1.22.12
      resolve.exports: 2.0.3
      slash: 3.0.0

  jest-runner@29.7.0:
    dependencies:
      '@jest/console': 29.7.0
      '@jest/environment': 29.7.0
      '@jest/test-result': 29.7.0
      '@jest/transform': 29.7.0
      '@jest/types': 29.6.3
      '@types/node': 25.9.5
      chalk: 4.1.2
      emittery: 0.13.1
      graceful-fs: 4.2.11
      jest-docblock: 29.7.0
      jest-environment-node: 29.7.0
      jest-haste-map: 29.7.0
      jest-leak-detector: 29.7.0
      jest-message-util: 29.7.0
      jest-resolve: 29.7.0
      jest-runtime: 29.7.0
      jest-util: 29.7.0
      jest-watcher: 29.7.0
      jest-worker: 29.7.0
      p-limit: 3.1.0
      source-map-support: 0.5.13
    transitivePeerDependencies:
      - supports-color

  jest-runtime@29.7.0:
    dependencies:
      '@jest/environment': 29.7.0
      '@jest/fake-timers': 29.7.0
      '@jest/globals': 29.7.0
      '@jest/source-map': 29.6.3
      '@jest/test-result': 29.7.0
      '@jest/transform': 29.7.0
      '@jest/types': 29.6.3
      '@types/node': 25.9.5
      chalk: 4.1.2
      cjs-module-lexer: 1.4.3
      collect-v8-coverage: 1.0.3
      glob: 7.2.3
      graceful-fs: 4.2.11
      jest-haste-map: 29.7.0
      jest-message-util: 29.7.0
      jest-mock: 29.7.0
      jest-regex-util: 29.6.3
      jest-resolve: 29.7.0
      jest-snapshot: 29.7.0
      jest-util: 29.7.0
      slash: 3.0.0
      strip-bom: 4.0.0
    transitivePeerDependencies:
      - supports-color

  jest-snapshot@29.7.0:
    dependencies:
      '@babel/core': 7.29.7
      '@babel/generator': 7.29.7
      '@babel/plugin-syntax-jsx': 7.29.7(@babel/core@7.29.7)
      '@babel/plugin-syntax-typescript': 7.29.7(@babel/core@7.29.7)
      '@babel/types': 7.29.7
      '@jest/expect-utils': 29.7.0
      '@jest/transform': 29.7.0
      '@jest/types': 29.6.3
      babel-preset-current-node-syntax: 1.2.0(@babel/core@7.29.7)
      chalk: 4.1.2
      expect: 29.7.0
      graceful-fs: 4.2.11
      jest-diff: 29.7.0
      jest-get-type: 29.6.3
      jest-matcher-utils: 29.7.0
      jest-message-util: 29.7.0
      jest-util: 29.7.0
      natural-compare: 1.4.0
      pretty-format: 29.7.0
      semver: 7.8.5
    transitivePeerDependencies:
      - supports-color

  jest-util@29.7.0:
    dependencies:
      '@jest/types': 29.6.3
      '@types/node': 25.9.5
      chalk: 4.1.2
      ci-info: 3.9.0
      graceful-fs: 4.2.11
      picomatch: 2.3.2

  jest-util@30.4.1:
    dependencies:
      '@jest/types': 30.4.1
      '@types/node': 25.9.5
      chalk: 4.1.2
      ci-info: 4.4.0
      graceful-fs: 4.2.11
      picomatch: 4.0.5

  jest-validate@29.7.0:
    dependencies:
      '@jest/types': 29.6.3
      camelcase: 6.3.0
      chalk: 4.1.2
      jest-get-type: 29.6.3
      leven: 3.1.0
      pretty-format: 29.7.0

  jest-watch-select-projects@2.0.0:
    dependencies:
      ansi-escapes: 4.3.2
      chalk: 3.0.0
      prompts: 2.4.2

  jest-watch-typeahead@2.2.1(jest@29.7.0(@types/node@25.9.5)):
    dependencies:
      ansi-escapes: 6.2.1
      chalk: 4.1.2
      jest: 29.7.0(@types/node@25.9.5)
      jest-regex-util: 29.6.3
      jest-watcher: 29.7.0
      slash: 5.1.0
      string-length: 5.0.1
      strip-ansi: 7.2.0

  jest-watcher@29.7.0:
    dependencies:
      '@jest/test-result': 29.7.0
      '@jest/types': 29.6.3
      '@types/node': 25.9.5
      ansi-escapes: 4.3.2
      chalk: 4.1.2
      emittery: 0.13.1
      jest-util: 29.7.0
      string-length: 4.0.2

  jest-worker@29.7.0:
    dependencies:
      '@types/node': 25.9.5
      jest-util: 29.7.0
      merge-stream: 2.0.0
      supports-color: 8.1.1

  jest@29.7.0(@types/node@25.9.5):
    dependencies:
      '@jest/core': 29.7.0
      '@jest/types': 29.6.3
      import-local: 3.2.0
      jest-cli: 29.7.0(@types/node@25.9.5)
    transitivePeerDependencies:
      - '@types/node'
      - babel-plugin-macros
      - supports-color
      - ts-node

  jimp-compact@0.16.1: {}

  jiti@2.7.0: {}

  joycon@3.1.1: {}

  js-cookie@3.0.7: {}

  js-tokens@4.0.0: {}

  js-yaml@3.15.1:
    dependencies:
      argparse: 1.0.10
      esprima: 4.0.1

  js-yaml@4.2.0:
    dependencies:
      argparse: 2.0.1

  jsc-safe-url@0.2.4: {}

  jsdom@20.0.3:
    dependencies:
      abab: 2.0.6
      acorn: 8.17.0
      acorn-globals: 7.0.1
      cssom: 0.5.0
      cssstyle: 2.3.0
      data-urls: 3.0.2
      decimal.js: 10.6.0
      domexception: 4.0.0
      escodegen: 2.1.0
      form-data: 4.0.6
      html-encoding-sniffer: 3.0.0
      http-proxy-agent: 5.0.0
      https-proxy-agent: 5.0.1
      is-potential-custom-element-name: 1.0.1
      nwsapi: 2.2.24
      parse5: 7.3.0
      saxes: 6.0.0
      symbol-tree: 3.2.4
      tough-cookie: 4.1.4
      w3c-xmlserializer: 4.0.0
      webidl-conversions: 7.0.0
      whatwg-encoding: 2.0.0
      whatwg-mimetype: 3.0.0
      whatwg-url: 11.0.0
      ws: 8.21.1
      xml-name-validator: 4.0.0
    transitivePeerDependencies:
      - bufferutil
      - supports-color
      - utf-8-validate

  jsesc@3.1.0: {}

  json-buffer@3.0.1: {}

  json-parse-even-better-errors@2.3.1: {}

  json-schema-traverse@0.4.1: {}

  json-schema-traverse@1.0.0: {}

  json-stable-stringify-without-jsonify@1.0.1: {}

  json5@2.2.3: {}

  jsonfile@6.2.1:
    dependencies:
      universalify: 2.0.1
    optionalDependencies:
      graceful-fs: 4.2.11

  jsonpointer@5.0.1: {}

  keyv@4.5.4:
    dependencies:
      json-buffer: 3.0.1

  kleur@3.0.3: {}

  lan-network@0.2.1: {}

  leven@3.1.0: {}

  leven@4.1.0: {}

  levn@0.4.1:
    dependencies:
      prelude-ls: 1.2.1
      type-check: 0.4.0

  lighthouse-logger@1.4.2:
    dependencies:
      debug: 2.6.9
      marky: 1.3.0
    transitivePeerDependencies:
      - supports-color

  lightningcss-linux-x64-gnu@1.32.0:
    optional: true

  lightningcss@1.32.0:
    dependencies:
      detect-libc: 2.1.2
    optionalDependencies:
      lightningcss-linux-x64-gnu: 1.32.0

  lines-and-columns@1.2.4: {}

  linkify-it@5.0.2:
    dependencies:
      uc.micro: 2.1.0

  locate-path@5.0.0:
    dependencies:
      p-locate: 4.1.0

  locate-path@6.0.0:
    dependencies:
      p-locate: 5.0.0

  locate-path@8.0.0:
    dependencies:
      p-locate: 6.0.0

  lodash.debounce@4.0.8: {}

  lodash.merge@4.6.2: {}

  lodash.throttle@4.1.1: {}

  lodash@4.18.1: {}

  log-symbols@2.2.0:
    dependencies:
      chalk: 2.4.2

  loose-envify@1.4.0:
    dependencies:
      js-tokens: 4.0.0

  lowercase-keys@2.0.0: {}

  lru-cache@10.4.3: {}

  lru-cache@11.5.2: {}

  lru-cache@5.1.1:
    dependencies:
      yallist: 3.1.1

  lucide-react@0.545.0(react@19.1.0):
    dependencies:
      react: 19.1.0

  lunr@2.3.9: {}

  magic-string@0.30.21:
    dependencies:
      '@jridgewell/sourcemap-codec': 1.5.5

  make-dir@4.0.0:
    dependencies:
      semver: 7.8.5

  makeerror@1.0.12:
    dependencies:
      tmpl: 1.0.5

  markdown-it@14.3.0:
    dependencies:
      argparse: 2.0.1
      entities: 4.5.0
      linkify-it: 5.0.2
      mdurl: 2.0.0
      punycode.js: 2.3.1
      uc.micro: 2.1.0

  marky@1.3.0: {}

  math-intrinsics@1.1.0: {}

  mdn-data@2.0.14: {}

  mdurl@2.0.0: {}

  media-typer@1.1.0: {}

  memoize-one@5.2.1: {}

  memoize-one@6.0.0: {}

  merge-descriptors@2.0.0: {}

  merge-options@3.0.4:
    dependencies:
      is-plain-obj: 2.1.0

  merge-stream@2.0.0: {}

  merge2@1.4.1: {}

  metro-babel-transformer@0.84.4:
    dependencies:
      '@babel/core': 7.29.7
      flow-enums-runtime: 0.0.6
      hermes-parser: 0.35.0
      metro-cache-key: 0.84.4
      nullthrows: 1.1.1
    transitivePeerDependencies:
      - supports-color

  metro-cache-key@0.84.4:
    dependencies:
      flow-enums-runtime: 0.0.6

  metro-cache@0.84.4:
    dependencies:
      exponential-backoff: 3.1.3
      flow-enums-runtime: 0.0.6
      https-proxy-agent: 7.0.6
      metro-core: 0.84.4
    transitivePeerDependencies:
      - supports-color

  metro-config@0.84.4:
    dependencies:
      connect: 3.7.0
      flow-enums-runtime: 0.0.6
      jest-validate: 29.7.0
      metro: 0.84.4
      metro-cache: 0.84.4
      metro-core: 0.84.4
      metro-runtime: 0.84.4
      yaml: 2.9.0
    transitivePeerDependencies:
      - bufferutil
      - supports-color
      - utf-8-validate

  metro-core@0.84.4:
    dependencies:
      flow-enums-runtime: 0.0.6
      lodash.throttle: 4.1.1
      metro-resolver: 0.84.4

  metro-file-map@0.84.4:
    dependencies:
      debug: 4.4.3
      fb-watchman: 2.0.2
      flow-enums-runtime: 0.0.6
      graceful-fs: 4.2.11
      invariant: 2.2.4
      jest-worker: 29.7.0
      micromatch: 4.0.8
      nullthrows: 1.1.1
      walker: 1.0.8
    transitivePeerDependencies:
      - supports-color

  metro-minify-terser@0.84.4:
    dependencies:
      flow-enums-runtime: 0.0.6
      terser: 5.49.0

  metro-resolver@0.84.4:
    dependencies:
      flow-enums-runtime: 0.0.6

  metro-runtime@0.84.4:
    dependencies:
      '@babel/runtime': 7.29.7
      flow-enums-runtime: 0.0.6

  metro-source-map@0.84.4:
    dependencies:
      '@babel/traverse': 7.29.7
      '@babel/types': 7.29.7
      flow-enums-runtime: 0.0.6
      invariant: 2.2.4
      metro-symbolicate: 0.84.4
      nullthrows: 1.1.1
      ob1: 0.84.4
      source-map: 0.5.7
      vlq: 1.0.1
    transitivePeerDependencies:
      - supports-color

  metro-symbolicate@0.84.4:
    dependencies:
      flow-enums-runtime: 0.0.6
      invariant: 2.2.4
      metro-source-map: 0.84.4
      nullthrows: 1.1.1
      source-map: 0.5.7
      vlq: 1.0.1
    transitivePeerDependencies:
      - supports-color

  metro-transform-plugins@0.84.4:
    dependencies:
      '@babel/core': 7.29.7
      '@babel/generator': 7.29.7
      '@babel/template': 7.29.7
      '@babel/traverse': 7.29.7
      flow-enums-runtime: 0.0.6
      nullthrows: 1.1.1
    transitivePeerDependencies:
      - supports-color

  metro-transform-worker@0.84.4:
    dependencies:
      '@babel/core': 7.29.7
      '@babel/generator': 7.29.7
      '@babel/parser': 7.29.7
      '@babel/types': 7.29.7
      flow-enums-runtime: 0.0.6
      metro: 0.84.4
      metro-babel-transformer: 0.84.4
      metro-cache: 0.84.4
      metro-cache-key: 0.84.4
      metro-minify-terser: 0.84.4
      metro-source-map: 0.84.4
      metro-transform-plugins: 0.84.4
      nullthrows: 1.1.1
    transitivePeerDependencies:
      - bufferutil
      - supports-color
      - utf-8-validate

  metro@0.84.4:
    dependencies:
      '@babel/code-frame': 7.29.7
      '@babel/core': 7.29.7
      '@babel/generator': 7.29.7
      '@babel/parser': 7.29.7
      '@babel/template': 7.29.7
      '@babel/traverse': 7.29.7
      '@babel/types': 7.29.7
      accepts: 2.0.0
      ci-info: 2.0.0
      connect: 3.7.0
      debug: 4.4.3
      error-stack-parser: 2.1.4
      flow-enums-runtime: 0.0.6
      graceful-fs: 4.2.11
      hermes-parser: 0.35.0
      image-size: 1.2.1
      invariant: 2.2.4
      jest-worker: 29.7.0
      jsc-safe-url: 0.2.4
      lodash.throttle: 4.1.1
      metro-babel-transformer: 0.84.4
      gD’ã"ãr’‡&V7D’ã"ã2’’‡&V7D’ã"ã2“ ¢FWVæFVæ6–W3 ¢&V7C¢’ã"ã0¢&V7BÖæF—fS¢ãƒbã"„&&VÂö6÷&Trã#’ãr’„G—W2÷&V7D’ã"ãr’‡&V7D’ã"ã2 ¢&V7BÖæF—fRÖ¶W–&ö&BÖ6öçG&öÆÆW$ã#ã’‡&V7BÖæF—fR×&Væ–ÖFVDBãRã‡&V7BÖæF—fR×v÷&¶ÆWG4ãã„&&VÂö6÷&Trã#’ãr’‡&V7BÖæF—fTãƒbã"„&&VÂö6÷&Trã#’ãr’„G—W2÷&V7D’ã"ãr’‡&V7D’ã"ã2’’‡&V7D’ã"ã2’’‡&V7BÖæF—fTãƒbã"„&&VÂö6÷&Trã#’ãr’„G—W2÷&V7D’ã"ãr’‡&V7D’ã"ã2’’‡&V7D’ã"ã2’’‡&V7BÖæF—fTãƒbã"„&&VÂö6÷&Trã#’ãr’„G—W2÷&V7D’ã"ãr’‡&V7D’ã"ã2’’‡&V7D’ã"ã2“ ¢FWVæFVæ6–W3 ¢&V7C¢’ã"ã0¢&V7BÖæF—fS¢ãƒbã"„&&VÂö6÷&Trã#’ãr’„G—W2÷&V7D’ã"ãr’‡&V7D’ã"ã2¢&V7BÖæF—fRÖ—2ÖVFvR×FòÖVFvS¢ã2ã‡&V7BÖæF—fTãƒbã"„&&VÂö6÷&Trã#’ãr’„G—W2÷&V7D’ã"ãr’‡&V7D’ã"ã2’’‡&V7D’ã"ã2¢&V7BÖæF—fR×&Væ–ÖFVC¢BãRã‡&V7BÖæF—fR×v÷&¶ÆWG4ãã„&&VÂö6÷&Trã#’ãr’‡&V7BÖæF—fTãƒbã"„&&VÂö6÷&Trã#’ãr’„G—W2÷&V7D’ã"ãr’‡&V7D’ã"ã2’’‡&V7D’ã"ã2’’‡&V7BÖæF—fTãƒbã"„&&VÂö6÷&Trã#’ãr’„G—W2÷&V7D’ã"ãr’‡&V7D’ã"ã2’’‡&V7D’ã"ã2 ¢&V7BÖæF—fR×&Væ–ÖFVDBãRã‡&V7BÖæF—fR×v÷&¶ÆWG4ãã„&&VÂö6÷&Trã#’ãr’‡&V7BÖæF—fTãƒbã"„&&VÂö6÷&Trã#’ãr’„G—W2÷&V7D’ã"ãr’‡&V7D’ã"ã2’’‡&V7D’ã"ã2’’‡&V7BÖæF—fTãƒbã"„&&VÂö6÷&Trã#’ãr’„G—W2÷&V7D’ã"ãr’‡&V7D’ã"ã2’’‡&V7D’ã"ã2“ ¢FWVæFVæ6–W3 ¢&V7C¢’ã"ã0¢&V7BÖæF—fS¢ãƒbã"„&&VÂö6÷&Trã#’ãr’„G—W2÷&V7D’ã"ãr’‡&V7D’ã"ã2¢&V7BÖæF—fRÖ—2ÖVFvR×FòÖVFvS¢ã2ã‡&V7BÖæF—fTãƒbã"„&&VÂö6÷&Trã#’ãr’„G—W2÷&V7D’ã"ãr’‡&V7D’ã"ã2’’‡&V7D’ã"ã2¢&V7BÖæF—fR×v÷&¶ÆWG3¢ãã„&&VÂö6÷&Trã#’ãr’‡&V7BÖæF—fTãƒbã"„&&VÂö6÷&Trã#’ãr’„G—W2÷&V7D’ã"ãr’‡&V7D’ã"ã2’’‡&V7D’ã"ã2¢6V×fW#¢rã‚ãP ¢&V7BÖæF—fR×6fRÖ&VÖ6öçFW‡DRãrã‡&V7BÖæF—fTãƒbã"„&&VÂö6÷&Trã#’ãr’„G—W2÷&V7D’ã"ãr’‡&V7D’ã"ã2’’‡&V7D’ã"ã2“ ¢FWVæFVæ6–W3 ¢&V7C¢’ã"ã0¢&V7BÖæF—fS¢ãƒbã"„&&VÂö6÷&Trã#’ãr’„G—W2÷&V7D’ã"ãr’‡&V7D’ã"ã2 ¢&V7BÖæF—fR×67&VVç4Bã#bã"‡&V7BÖæF—fTãƒbã"„&&VÂö6÷&Trã#’ãr’„G—W2÷&V7D’ã"ãr’‡&V7D’ã"ã2’’‡&V7D’ã"ã2“ ¢FWVæFVæ6–W3 ¢&V7C¢’ã"ã0¢&V7BÖg&VW¦S¢ããB‡&V7D’ã"ã2¢&V7BÖæF—fS¢ãƒbã"„&&VÂö6÷&Trã#’ãr’„G—W2÷&V7D’ã"ãr’‡&V7D’ã"ã2¢v&âÖöæ6S¢ãã ¢&V7BÖæF—fR×6Æ–FW$ãã ¢FWVæFVæ6–W3 ¢&÷×G—W3¢Rã‚ã ¢&V7BÖæF—fR×7ftRãRãB‡&V7BÖæF—fTãƒbã"„&&VÂö6÷&Trã#’ãr’„G—W2÷&V7D’ã"ãr’‡&V7D’ã"ã2’’‡&V7D’ã"ã2“ ¢FWVæFVæ6–W3 ¢772×6VÆV7C¢Rã"ã ¢772×G&VS¢ãã0¢&V7C¢’ã"ã0¢&V7BÖæF—fS¢ãƒbã"„&&VÂö6÷&Trã#’ãr’„G—W2÷&V7D’ã"ãr’‡&V7D’ã"ã2¢v&âÖöæ6S¢ãã ¢&V7BÖæF—fR×fV7F÷"Ö–6öç4’ã"ã ¢FWVæFVæ6–W3 ¢&÷×G—W3¢Rã‚ã¢–&w3¢bã"ã  ¢&V7BÖæF—fR×fÆ2ÖÖVF–×Æ–W$ãã“‚‡F6…ö†6ƒÖC#CS“CF6S†6#C“#VCS&3&3†fS#&CS3c3S–C#3ƒ3Cƒsss“S’“ ¢FWVæFVæ6–W3 ¢&V7BÖæF—fR×6Æ–FW#¢ãã ¢&V7BÖæF—fR×fV7F÷"Ö–6öç3¢’ã"ã  ¢&V7BÖæF—fR×vV$ã#ã"‡&V7BÖFöÔ’ã"ã2‡&V7D’ã"ã2’’‡&V7D’ã"ã2“ ¢FWVæFVæ6–W3 ¢t&&VÂ÷'VçF–ÖRs¢rã#’ãp¢t&V7BÖæF—fRöæ÷&ÖÆ—¦RÖ6öÆ÷'2s¢ãsBãƒ¢f&§3¢2ããP¢–æÆ–æR×7G–ÆR×&Vf—†W#¢rãã¢ÖVÖö—¦RÖöæS¢bãã ¢çVÆÇF‡&÷w3¢ãã¢÷7F772×fÇVR×'6W#¢Bã"ã ¢&V7C¢’ã"ã0¢&V7BÖFöÓ¢’ã"ã2‡&V7D’ã"ã2¢7G–ÆW¢ãã0¢G&ç6—F—fUVW$FWVæFVæ6–W3 ¢ÒVæ6öF–æp ¢&V7BÖæF—fR×vV'f–Wt2ãbã‡&V7BÖæF—fTãƒbã"„&&VÂö6÷&Trã#’ãr’„G—W2÷&V7D’ã"ãr’‡&V7D’ã"ã2’’‡&V7D’ã"ã2“ ¢FWVæFVæ6–W3 ¢W66R×7G&–ær×&VvW‡¢Bãã ¢–çf&–çC¢"ã"ã@¢&V7C¢’ã"ã0¢&V7BÖæF—fS¢ãƒbã"„&&VÂö6÷&Trã#’ãr’„G—W2÷&V7D’ã"ãr’‡&V7D’ã"ã2 ¢&V7BÖæF—fR×v÷&¶ÆWG4ãã„&&VÂö6÷&Trã#’ãr’‡&V7BÖæF—fTãƒbã"„&&VÂö6÷&Trã#’ãr’„G—W2÷&V7D’ã"ãr’‡&V7D’ã"ã2’’‡&V7D’ã"ã2“ ¢FWVæFVæ6–W3 ¢t&&VÂö6÷&Rs¢rã#’ãp¢t&&VÂ÷ÇVv–â×G&ç6f÷&ÒÖ'&÷rÖgVæ7F–öç2s¢rã#’ãr„&&VÂö6÷&Trã#’ãr¢t&&VÂ÷ÇVv–â×G&ç6f÷&ÒÖ6Æ72×&÷W'F–W2s¢rã#’ãr„&&VÂö6÷&Trã#’ãr¢t&&VÂ÷ÇVv–â×G&ç6f÷&ÒÖ6Æ76W2s¢rã#’ãr„&&VÂö6÷&Trã#’ãr¢t&&VÂ÷ÇVv–â×G&ç6f÷&ÒÖçVÆÆ—6‚Ö6öÆW66–ærÖ÷W&F÷"s¢rã#’ãr„&&VÂö6÷&Trã#’ãr¢t&&VÂ÷ÇVv–â×G&ç6f÷&ÒÖ÷F–öæÂÖ6†–æ–ærs¢rã#’ãr„&&VÂö6÷&Trã#’ãr¢t&&VÂ÷ÇVv–â×G&ç6f÷&Ò×6†÷'F†æB×&÷W'F–W2s¢rã#’ãr„&&VÂö6÷&Trã#’ãr¢t&&VÂ÷ÇVv–â×G&ç6f÷&Ò×FV×ÆFRÖÆ—FW&Ç2s¢rã#’ãr„&&VÂö6÷&Trã#’ãr¢t&&VÂ÷ÇVv–â×G&ç6f÷&Ò×Væ–6öFR×&VvW‚s¢rã#’ãr„&&VÂö6÷&Trã#’ãr¢t&&VÂ÷&W6WB×G—W67&—Bs¢rã#’ãr„&&VÂö6÷&Trã#’ãr¢t&&VÂ÷G—W2s¢rã#’ãp¢6öçfW'B×6÷W&6RÖÖ¢"ãã ¢&V7C¢’ã"ã0¢&V7BÖæF—fS¢ãƒbã"„&&VÂö6÷&Trã#’ãr’„G—W2÷&V7D’ã"ãr’‡&V7D’ã"ã2¢6V×fW#¢rã‚ãP¢G&ç6—F—fUVW$FWVæFVæ6–W3 ¢Ò7W÷'G2Ö6öÆ÷  ¢&V7BÖæF—fTãƒbã"„&&VÂö6÷&Trã#’ãr’„G—W2÷&V7D’ã"ãr’‡&V7D’ã"ã2“ ¢FWVæFVæ6–W3 ¢t&V7BÖæF—fRö76WG2×&Vv—7G'’s¢ãƒbã ¢t&V7BÖæF—fRö6öFVvVâs¢ãƒbã"„&&VÂö6÷&Trã#’ãr¢t&V7BÖæF—fRö6öÖ×Væ—G’Ö6Æ’×ÇVv–âs¢ãƒbã ¢t&V7BÖæF—fRöw&FÆR×ÇVv–âs¢ãƒbã ¢t&V7BÖæF—fRö§2×öÇ–f–ÆÇ2s¢ãƒbã ¢t&V7BÖæF—fRöæ÷&ÖÆ—¦RÖ6öÆ÷'2s¢ãƒbã ¢t&V7BÖæF—fR÷f—'GVÆ—¦VBÖÆ—7G2s¢ãƒbã"„G—W2÷&V7D’ã"ãr’‡&V7BÖæF—fTãƒbã"„&&VÂö6÷&Trã#’ãr’„G—W2÷&V7D’ã"ãr’‡&V7D’ã"ã2’’‡&V7D’ã"ã2¢&÷'BÖ6öçG&öÆÆW#¢2ãã ¢ç6W#¢ãBã ¢ç6’×&VvWƒ¢Rãã¢&&VÂ×ÇVv–â×7–çF‚Ö†W&ÖW2×'6W#¢ã3bã ¢&6ScBÖ§3¢ãRã¢6öÖÖæFW#¢"ãã ¢fÆ÷rÖVçV×2×'VçF–ÖS¢ãã`¢†W&ÖW2Ö6ö×–ÆW#¢#Sƒ#““‚ãã`¢–çf&–çC¢"ã"ã@¢ÖVÖö—¦RÖöæS¢Rã"ã¢ÖWG&ò×'VçF–ÖS¢ãƒBã@¢ÖWG&ò×6÷W&6RÖÖ¢ãƒBã@¢çVÆÇF‡&÷w3¢ãã¢&WGG’Öf÷&ÖC¢#’ãrã ¢&öÖ—6S¢‚ã2ã ¢&V7C¢’ã"ã0¢&V7BÖFWgFööÇ2Ö6÷&S¢bããP¢&V7B×&Vg&W6ƒ¢ãBã ¢&VvVæW&F÷"×'VçF–ÖS¢ã2ã¢66†VGVÆW#¢ã#rã ¢6V×fW#¢rã‚ãP¢7F6·G&6R×'6W#¢ãã¢F–ç–vÆö&'“¢ã"ãp¢v†GvrÖfWF6ƒ¢2ãbã# ¢w3¢rãRã0¢–&w3¢rãrã0¢÷F–öæÄFWVæFVæ6–W3 ¢tG—W2÷&V7Bs¢’ã"ãp¢G&ç6—F—fUVW$FWVæFVæ6–W3 ¢Òt&&VÂö6÷&Rp¢Òt&V7BÖæF—fRÖ6öÖ×Væ—G’ö6Æ’p¢Òt&V7BÖæF—fRöÖWG&òÖ6öæf–rp¢Ò'VffW'WF–À¢Ò7W÷'G2Ö6öÆ÷ ¢ÒWFbÓ‚×fÆ–FFP ¢&V7B×&Vg&W6„ãBã#¢·Ğ ¢&V7B×&Vg&W6„ã‚ã¢·Ğ ¢&V7B×&VÖ÷fR×67&öÆÂÖ&$"ã2ã‚„G—W2÷&V7D’ã"ãr’‡&V7D’ãã“ ¢FWVæFVæ6–W3 ¢&V7C¢’ãã ¢&V7B×7G–ÆR×6–ævÆWFöã¢"ã"ã2„G—W2÷&V7D’ã"ãr’‡&V7D’ãã¢G6Æ–#¢"ã‚ã¢÷F–öæÄFWVæFVæ6–W3 ¢tG—W2÷&V7Bs¢’ã"ãp ¢&V7B×&VÖ÷fR×67&öÆÂÖ&$"ã2ã‚„G—W2÷&V7D’ã"ãr’‡&V7D’ã"ã2“ ¢FWVæFVæ6–W3 ¢&V7C¢’ã"ã0¢&V7B×7G–ÆR×6–ævÆWFöã¢"ã"ã2„G—W2÷&V7D’ã"ãr’‡&V7D’ã"ã2¢G6Æ–#¢"ã‚ã¢÷F–öæÄFWVæFVæ6–W3 ¢tG—W2÷&V7Bs¢’ã"ãp ¢&V7B×&VÖ÷fR×67&öÆÄ"ãrã"„G—W2÷&V7D’ã"ãr’‡&V7D’ãã“ ¢FWVæFVæ6–W3 ¢&V7C¢’ãã ¢&V7B×&VÖ÷fR×67&öÆÂÖ&#¢"ã2ã‚„G—W2÷&V7D’ã"ãr’‡&V7D’ãã¢&V7B×7G–ÆR×6–ævÆWFöã¢"ã"ã2„G—W2÷&V7D’ã"ãr’‡&V7D’ãã¢G6Æ–#¢"ã‚ã¢W6RÖ6ÆÆ&6²×&Vc¢ã2ã2„G—W2÷&V7D’ã"ãr’‡&V7D’ãã¢W6R×6–FV6#¢ãã2„G—W2÷&V7D’ã"ãr’‡&V7D’ãã¢÷F–öæÄFWVæFVæ6–W3 ¢tG—W2÷&V7Bs¢’ã"ãp ¢&V7B×&VÖ÷fR×67&öÆÄ"ãrã"„G—W2÷&V7D’ã"ãr’‡&V7D’ã"ã2“ ¢FWVæFVæ6–W3 ¢&V7C¢’ã"ã0¢&V7B×&VÖ÷fR×67&öÆÂÖ&#¢"ã2ã‚„G—W2÷&V7D’ã"ãr’‡&V7D’ã"ã2¢&V7B×7G–ÆR×6–ævÆWFöã¢"ã"ã2„G—W2÷&V7D’ã"ãr’‡&V7D’ã"ã2¢G6Æ–#¢"ã‚ã¢W6RÖ6ÆÆ&6²×&Vc¢ã2ã2„G—W2÷&V7D’ã"ãr’‡&V7D’ã"ã2¢W6R×6–FV6#¢ãã2„G—W2÷&V7D’ã"ãr’‡&V7D’ã"ã2¢÷F–öæÄFWVæFVæ6–W3 ¢tG—W2÷&V7Bs¢’ã"ãp ¢&V7B×&W6—¦&ÆR×æVÇ4"ãã’‡&V7BÖFöÔ’ãã‡&V7D’ãã’’‡&V7D’ãã“ ¢FWVæFVæ6–W3 ¢&V7C¢’ãã ¢&V7BÖFöÓ¢’ãã‡&V7D’ãã ¢&V7B×6Öö÷F„BããB‡&V7BÖFöÔ’ãã‡&V7D’ãã’’‡&V7D’ãã“ ¢FWVæFVæ6–W3 ¢f7BÖWVÇ3¢RãBã¢&÷×G—W3¢Rã‚ã¢&V7C¢’ãã ¢&V7BÖFöÓ¢’ãã‡&V7D’ãã¢&V7B×G&ç6—F–öâÖw&÷W¢BãBãR‡&V7BÖFöÔ’ãã‡&V7D’ãã’’‡&V7D’ãã ¢&V7B×7G–ÆR×6–ævÆWFöä"ã"ã2„G—W2÷&V7D’ã"ãr’‡&V7D’ãã“ ¢FWVæFVæ6–W3 ¢vWBÖæöæ6S¢ãã¢&V7C¢’ãã ¢G6Æ–#¢"ã‚ã¢÷F–öæÄFWVæFVæ6–W3 ¢tG—W2÷&V7Bs¢’ã"ãp ¢&V7B×7G–ÆR×6–ævÆWFöä"ã"ã2„G—W2÷&V7D’ã"ãr’‡&V7D’ã"ã2“ ¢FWVæFVæ6–W3 ¢vWBÖæöæ6S¢ãã¢&V7C¢’ã"ã0¢G6Æ–#¢"ã‚ã¢÷F–öæÄFWVæFVæ6–W3 ¢tG—W2÷&V7Bs¢’ã"ãp ¢&V7B×FW7B×&VæFW&W$’ã"ã2‡&V7D’ã"ã2“ ¢FWVæFVæ6–W3 ¢&V7C¢’ã"ã0¢&V7BÖ—3¢’ã"ã€¢66†VGVÆW#¢ã#rã  ¢&V7B×G&ç6—F–öâÖw&÷WBãBãR‡&V7BÖFöÔ’ãã‡&V7D’ãã’’‡&V7D’ãã“ ¢FWVæFVæ6–W3 ¢t&&VÂ÷'VçF–ÖRs¢rã#’ãp¢FöÒÖ†VÇW'3¢Rã"ã¢Æö÷6RÖVçf–g“¢ãBã ¢&÷×G—W3¢Rã‚ã¢&V7C¢’ãã ¢&V7BÖFöÓ¢’ãã‡&V7D’ãã ¢&V7D’ãã¢·Ğ ¢&V7D’ã"ã3¢·Ğ ¢&VFF—'Bãã#¢·Ğ ¢&VFF—'Rãã¢·Ğ ¢&VÂ×&WV—&Tã"ã¢·Ğ ¢&V6†'G2×66ÆTãBãS ¢FWVæFVæ6–W3 ¢FV6–ÖÂæ§2ÖÆ–v‡C¢"ãRã ¢&V6†'G4"ãRãB‡&V7BÖFöÔ’ãã‡&V7D’ãã’’‡&V7D’ãã“ ¢FWVæFVæ6–W3 ¢6Ç7ƒ¢"ãã¢WfVçFVÖ—GFW#3¢Bããp¢ÆöF6ƒ¢Bã‚ã¢&V7C¢’ãã ¢&V7BÖFöÓ¢’ãã‡&V7D’ãã¢&V7BÖ—3¢‚ã2ã¢&V7B×6Öö÷Fƒ¢BããB‡&V7BÖFöÔ’ãã‡&V7D’ãã’’‡&V7D’ãã¢&V6†'G2×66ÆS¢ãBãP¢F–ç’Ö–çf&–çC¢ã2ã0¢f–7F÷'’×fVæF÷#¢3bã’ã  ¢&VFVçD2ãã ¢FWVæFVæ6–W3 ¢–æFVçB×7G&–æs¢Bãã ¢7G&—Ö–æFVçC¢2ãã  ¢&VvVæW&FR×Væ–6öFR×&÷W'F–W4ã"ã# ¢FWVæFVæ6–W3 ¢&VvVæW&FS¢ãBã  ¢&VvVæW&FTãBã#¢·Ğ ¢&VvVæW&F÷"×'VçF–ÖTã2ã¢·Ğ ¢&VvW‡&Ô2ãã¢·Ğ ¢&VvW‡RÖ6÷&TbãBã ¢FWVæFVæ6–W3 ¢&VvVæW&FS¢ãBã ¢&VvVæW&FR×Væ–6öFR×&÷W'F–W3¢ã"ã ¢&Vv§6vVã¢ã‚ã ¢&Vv§7'6W#¢ã2ã ¢Væ–6öFRÖÖF6‚×&÷W'G’ÖV6Ö67&—C¢"ãã ¢Væ–6öFRÖÖF6‚×&÷W'G’×fÇVRÖV6Ö67&—C¢"ã"ã ¢&Vv§6vVäã‚ã¢·Ğ ¢&Vv§7'6W$ã2ã# ¢FWVæFVæ6–W3 ¢§6W63¢2ãã  ¢&VÖVF"ã3’ã¢·Ğ ¢&WV—&RÖF—&V7F÷'”"ãã¢·Ğ ¢&WV—&RÖg&öÒ×7G&–æt"ãã#¢·Ğ ¢&WV—&W2×÷'Dãã¢·Ğ ¢&W6öÇfRÖÇäã"ã¢·Ğ ¢&W6öÇfRÖ7vD2ãã ¢FWVæFVæ6–W3 ¢&W6öÇfRÖg&öÓ¢Rãã  ¢&W6öÇfRÖg&öÔBãã¢·Ğ ¢&W6öÇfRÖg&öÔRãã¢·Ğ ¢&W6öÇfR×¶rÖÖ4ãã¢·Ğ ¢&W6öÇfR×v÷&·76R×&ö÷D"ãã¢·Ğ ¢&W6öÇfRæW‡÷'G4"ãã3¢·Ğ ¢&W6öÇfTã#"ã# ¢FWVæFVæ6–W3 ¢W2ÖW'&÷'3¢ã2ã ¢—2Ö6÷&RÖÖöGVÆS¢"ãbã ¢F‚×'6S¢ããp¢7W÷'G2×&W6W'fR×7–ÖÆ–æ·2ÖfÆs¢ãã  ¢&W7öç6VÆ–¶T"ãã ¢FWVæFVæ6–W3 ¢Æ÷vW&66RÖ¶W—3¢"ãã  ¢&W7F÷&RÖ7W'6÷$"ãã ¢FWVæFVæ6–W3 ¢öæWF–ÖS¢"ãã¢6–væÂÖW†—C¢2ããp ¢&WW6–g”ãã¢·Ğ ¢&–×&d2ãã# ¢FWVæFVæ6–W3 ¢vÆö#¢rã"ã0 ¢&öÆÇWBãc"ã# ¢FWVæFVæ6–W3 ¢tG—W2öW7G&VRs¢ãã¢÷F–öæÄFWVæFVæ6–W3 ¢t&öÆÇW÷&öÆÇWÖÆ–çW‚×ƒcBÖvçRs¢Bãc"ã ¢g6WfVçG3¢"ã2ã0 ¢&÷WFW$"ã"ã ¢FWVæFVæ6–W3 ¢FV'Vs¢BãBã0¢FWC¢"ãã ¢—2×&öÖ—6S¢Bãã ¢'6WW&Ã¢ã2ã0¢F‚×Fò×&VvW‡¢‚ãBã ¢G&ç6—F—fUVW$FWVæFVæ6–W3 ¢Ò7W÷'G2Ö6öÆ÷  ¢'Vâ×&ÆÆVÄã"ã ¢FWVæFVæ6–W3 ¢VWVRÖÖ–7&÷F6³¢ã"ã0 ¢6fRÖ'VffW$Rã"ã¢·Ğ ¢6fR×7F&ÆR×7G&–æv–g”"ãRã¢·Ğ ¢6fW"Ö'VffW$"ãã#¢·Ğ ¢6„ãbã¢·Ğ ¢6†W4bãã ¢FWVæFVæ6–W3 ¢†ÖÆ6†'3¢"ã"ã  ¢66†VGVÆW$ã#bã¢·Ğ ¢66†VGVÆW$ã#rã¢·Ğ ¢6V7W&RÖ§6öâ×'6TBãã¢·Ğ ¢6V×fW$bã2ã¢·Ğ ¢6V×fW$rã‚ãS¢·Ğ ¢6VæDã’ã# ¢FWVæFVæ6–W3 ¢FV'Vs¢"ãbã¢FWC¢"ãã ¢FW7G&÷“¢ã"ã ¢Væ6öFWW&Ã¢"ãã ¢W66RÖ‡FÖÃ¢ãã0¢WFs¢ã‚ã¢g&W6ƒ¢ãRã ¢‡GGÖW'&÷'3¢"ãã¢Ö–ÖS¢ãbã ¢×3¢"ãã0¢öâÖf–æ—6†VC¢"ãBã¢&ævR×'6W#¢ã"ã¢7FGW6W3¢"ãã ¢G&ç6—F—fUVW$FWVæFVæ6–W3 ¢Ò7W÷'G2Ö6öÆ÷  ¢6VæDã"ã ¢FWVæFVæ6–W3 ¢FV'Vs¢BãBã0¢Væ6öFWW&Ã¢"ãã ¢W66RÖ‡FÖÃ¢ãã0¢WFs¢ã‚ã¢g&W6ƒ¢"ãã ¢‡GGÖW'&÷'3¢"ãã¢Ö–ÖR×G—W3¢2ãã ¢×3¢"ãã0¢öâÖf–æ—6†VC¢"ãBã¢&ævR×'6W#¢ã2ã ¢7FGW6W3¢"ãã ¢G&ç6—F—fUVW$FWVæFVæ6–W3 ¢Ò7W÷'G2Ö6öÆ÷  ¢6W&–Æ—¦RÖW'&÷$"ãã¢·Ğ ¢6W'fR×7FF–4ãbã3 ¢FWVæFVæ6–W3 ¢Væ6öFWW&Ã¢"ãã ¢W66RÖ‡FÖÃ¢ãã0¢'6WW&Ã¢ã2ã0¢6VæC¢ã’ã ¢G&ç6—F—fUVW$FWVæFVæ6–W3 ¢Ò7W÷'G2Ö6öÆ÷  ¢6W'fR×7FF–4"ã"ã ¢FWVæFVæ6–W3 ¢Væ6öFWW&Ã¢"ãã ¢W66RÖ‡FÖÃ¢ãã0¢'6WW&Ã¢ã2ã0¢6VæC¢ã"ã¢G&ç6—F—fUVW$FWVæFVæ6–W3 ¢Ò7W÷'G2Ö6öÆ÷  ¢6W'fW"ÖöæÇ”ãã¢·Ğ ¢6WF–ÖÖVF–FTããS¢·Ğ ¢6WG&÷F÷G—Vödã"ã¢·Ğ ¢6b×7–Ö&öÇ2×G—W67&—D"ã"ã¢·Ğ ¢6†ÆÆ÷vWVÄãã¢·Ğ ¢6†V&ærÖ6öÖÖæD"ãã ¢FWVæFVæ6–W3 ¢6†V&ær×&VvWƒ¢2ãã  ¢6†V&ær×&VvW„2ãã¢·Ğ ¢6†VÆÂ×V÷FTãã¢·Ğ ¢6–FRÖ6†ææVÂÖÆ—7Dãã ¢FWVæFVæ6–W3 ¢W2ÖW'&÷'3¢ã2ã ¢ö&¦V7BÖ–ç7V7C¢ã2ã@ ¢6–FRÖ6†ææVÂÖÖãã ¢FWVæFVæ6–W3 ¢6ÆÂÖ&÷VæC¢ãã@¢W2ÖW'&÷'3¢ã2ã ¢vWBÖ–çG&–ç6–3¢ã2ã ¢ö&¦V7BÖ–ç7V7C¢ã2ã@ ¢6–FRÖ6†ææVÂ×vV¶Öãã# ¢FWVæFVæ6–W3 ¢6ÆÂÖ&÷VæC¢ãã@¢W2ÖW'&÷'3¢ã2ã ¢vWBÖ–çG&–ç6–3¢ã2ã ¢ö&¦V7BÖ–ç7V7C¢ã2ã@¢6–FRÖ6†ææVÂÖÖ¢ãã ¢6–FRÖ6†ææVÄãã ¢FWVæFVæ6–W3 ¢W2ÖW'&÷'3¢ã2ã ¢ö&¦V7BÖ–ç7V7C¢ã2ã@¢6–FRÖ6†ææVÂÖÆ—7C¢ãã¢6–FRÖ6†ææVÂÖÖ¢ãã¢6–FRÖ6†ææVÂ×vV¶Ö¢ãã  ¢6–væÂÖW†—D2ããs¢·Ğ ¢6–væÂÖW†—DBãã¢·Ğ ¢6–×ÆR×Æ—7Dã2ã ¢FWVæFVæ6–W3 ¢'Æ—7BÖ7&VF÷#¢ãã ¢'Æ—7B×'6W#¢ã2ã¢Æ—7C¢2ãã ¢6–×ÆR×7v—§¦ÆTã"ãC ¢FWVæFVæ6–W3 ¢—2Ö'&–—6ƒ¢ã2ã@ ¢6—7FW&ç6”ããS¢·Ğ ¢6Æ6„2ãã¢·Ğ ¢6Æ6„Rãã¢·Ğ ¢6ÇVv–g”ãbã“¢·Ğ ¢6öæ–2Ö&ööÔBã"ã ¢FWVæFVæ6–W3 ¢FöÖ–2×6ÆVW¢ãã  ¢6öææW$"ããr‡&V7BÖFöÔ’ãã‡&V7D’ãã’’‡&V7D’ãã“ ¢FWVæFVæ6–W3 ¢&V7C¢’ãã ¢&V7BÖFöÓ¢’ãã‡&V7D’ãã ¢6÷W&6RÖÖÖ§4ã"ã¢·Ğ ¢6÷W&6RÖÖ×7W÷'DãRã3 ¢FWVæFVæ6–W3 ¢'VffW"Ög&öÓ¢ãã ¢6÷W&6RÖÖ¢ãbã ¢6÷W&6RÖÖ×7W÷'DãRã# ¢FWVæFVæ6–W3 ¢'VffW"Ög&öÓ¢ãã ¢6÷W&6RÖÖ¢ãbã ¢6÷W&6RÖÖãRãc¢·Ğ ¢6÷W&6RÖÖãRãs¢·Ğ ¢6÷W&6RÖÖãbã¢·Ğ ¢7Æ—BÖöâÖf—'7Dãã¢·Ğ ¢7Æ—C$Bã"ã¢·Ğ ¢7&–çFbÖ§4ãã3¢·Ğ ¢7F6²ÖvVæW&F÷$"ãã ¢FWVæFVæ6–W3 ¢7F6¶g&ÖS¢ã2ã@ ¢7F6²×WF–Ç4"ããc ¢FWVæFVæ6–W3 ¢W66R×7G&–ær×&VvW‡¢"ãã  ¢7F6¶g&ÖTã2ãC¢·Ğ ¢7F6·G&6RÖw42ãã# ¢FWVæFVæ6–W3 ¢6÷W&6RÖÖ¢ãRã`¢7F6¶g&ÖS¢ã2ã@ ¢7F6·G&6RÖ§4"ãã# ¢FWVæFVæ6–W3 ¢W'&÷"×7F6²×'6W#¢"ãã@¢7F6²ÖvVæW&F÷#¢"ãã ¢7F6·G&6RÖw3¢2ãã  ¢7F6·G&6R×'6W$ãã ¢FWVæFVæ6–W3 ¢G—RÖfW7C¢ãrã ¢7FæF&BÖæf–vF–öäããS¢·Ğ ¢7FæF&GvV&†öö·4ãã ¢FWVæFVæ6–W3 ¢t7F&ÆVÆ–"ö&6ScBs¢ãã¢f7B×6†#Sc¢ã2ã  ¢7FGW6W4ãRã¢·Ğ ¢7FGW6W4"ãã#¢·Ğ ¢7FBÖVçd2ãã¢·Ğ ¢7G&VÒÖ'VffW'4"ã"ã¢·Ğ ¢7G&–7B×W&’ÖVæ6öFT"ãã¢·Ğ ¢7G&–ærÖ&wdã2ã#¢·Ğ ¢7G&–ærÖÆVæwF„Bãã# ¢FWVæFVæ6–W3 ¢6†"×&VvWƒ¢ãã ¢7G&—Öç6“¢bãã ¢7G&–ærÖÆVæwF„Rãã ¢FWVæFVæ6–W3 ¢6†"×&VvWƒ¢"ãã ¢7G&—Öç6“¢rã"ã  ¢7G&–ær×v–GF„Bã"ã3 ¢FWVæFVæ6–W3 ¢VÖö¦’×&VvWƒ¢‚ãã ¢—2ÖgVÆÇv–GF‚Ö6öFR×ö–çC¢2ãã ¢7G&—Öç6“¢bãã ¢7G&—Öç6”Rã"ã ¢FWVæFVæ6–W3 ¢ç6’×&VvWƒ¢Bãã ¢7G&—Öç6”bãã ¢FWVæFVæ6–W3 ¢ç6’×&VvWƒ¢Rãã ¢7G&—Öç6”rã"ã ¢FWVæFVæ6–W3 ¢ç6’×&VvWƒ¢bã"ã  ¢7G&—Ö&öÔBãã¢·Ğ ¢7G&—Öf–æÂÖæWvÆ–æT"ãã¢·Ğ ¢7G&—Öf–æÂÖæWvÆ–æTBãã¢·Ğ ¢7G&—Ö–æFVçD2ãã ¢FWVæFVæ6–W3 ¢Ö–âÖ–æFVçC¢ãã ¢7G&—Ö§6öâÖ6öÖÖVçG42ãã¢·Ğ ¢7G&—Ö§6öâÖ6öÖÖVçG4Rãã3¢·Ğ ¢7G'V7GW&VBÖ†VFW'4ãBã¢·Ğ ¢7G–ÆWãã3¢·Ğ ¢7W÷'G2Ö6öÆ÷$RãRã ¢FWVæFVæ6–W3 ¢†2ÖfÆs¢2ãã  ¢7W÷'G2Ö6öÆ÷$rã"ã ¢FWVæFVæ6–W3 ¢†2ÖfÆs¢Bãã  ¢7W÷'G2Ö6öÆ÷$‚ãã ¢FWVæFVæ6–W3 ¢†2ÖfÆs¢Bãã  ¢7W÷'G2Ö‡—W&Æ–æ·4"ã2ã ¢FWVæFVæ6–W3 ¢†2ÖfÆs¢Bãã ¢7W÷'G2Ö6öÆ÷#¢rã"ã  ¢7W÷'G2×&W6W'fR×7–ÖÆ–æ·2ÖfÆtãã¢·Ğ ¢7w$"ã2ãB‡&V7D’ãã“ ¢FWVæFVæ6–W3 ¢FWVÃ¢"ãã0¢&V7C¢’ãã ¢W6R×7–æ2ÖW‡FW&æÂ×7F÷&S¢ãbã‡&V7D’ãã ¢7–Ö&öÂ×G&VT2ã"ãC¢·Ğ ¢F–Çv–æBÖÖW&vT2ãbã¢·Ğ ¢F–Çv–æF772Öæ–ÖFTããr‡F–Çv–æF774Bã2ã2“ ¢FWVæFVæ6–W3 ¢F–Çv–æF773¢Bã2ã0 ¢F–Çv–æF774Bã2ã3¢·Ğ ¢F&ÆT"ã2ã3¢·Ğ ¢FW&Ö–æÂÖÆ–æ´"ãã ¢FWVæFVæ6–W3 ¢ç6’ÖW66W3¢Bã2ã ¢7W÷'G2Ö‡—W&Æ–æ·3¢"ã2ã  ¢FW'6W$RãC’ã ¢FWVæFVæ6–W3 ¢t§&–FvWvVÆÂ÷6÷W&6RÖÖs¢ã2ã¢6÷&ã¢‚ãrã ¢6öÖÖæFW#¢"ã#ã0¢6÷W&6RÖÖ×7W÷'C¢ãRã# ¢FW7BÖW†6ÇVFTbãã ¢FWVæFVæ6–W3 ¢t—7Fæ'VÆ§2÷66†VÖs¢ãã`¢vÆö#¢rã"ã0¢Ö–æ–ÖF6ƒ¢2ããP ¢FW‡B×F&ÆTã"ã¢·Ğ ¢F‡&VB×7G&VÔ2ãã ¢FWVæFVæ6–W3 ¢&VÂ×&WV—&S¢ã"ã  ¢F‡&öDRãã¢·Ğ ¢F–ç’Ö–çf&–çDã2ã3¢·Ğ ¢F–ç–vÆö&'”ã"ãs ¢FWVæFVæ6–W3 ¢fF—#¢bãRã‡–6öÖF6„BããR¢–6öÖF6ƒ¢BããP ¢F×ÄããS¢·Ğ ¢Fò×&VvW‚×&ævTRãã ¢FWVæFVæ6–W3 ¢—2ÖçVÖ&W#¢rãã  ¢Fö–FVçF–f–W$ãã¢·Ğ ¢F÷$ãã¢·Ğ ¢F÷Vv‚Ö6öö¶–TBããC ¢FWVæFVæ6–W3 ¢6Ã¢ãRã ¢Vç–6öFS¢"ã2ã¢Væ—fW'6Æ–g“¢ã"ã ¢W&Â×'6S¢ãRã  ¢G#Cdãã3¢·Ğ ¢G#Cd2ãã ¢FWVæFVæ6–W3 ¢Vç–6öFS¢"ã2ã ¢G2Ö’×WF–Ç4"ãRã‡G—W67&—Dbãã2“ ¢FWVæFVæ6–W3 ¢G—W67&—C¢bãã0 ¢G6Æ–$"ã‚ã¢·Ğ ¢G7„Bã#2ã ¢FWVæFVæ6–W3 ¢W6'V–ÆC¢ã#rã0¢÷F–öæÄFWVæFVæ6–W3 ¢g6WfVçG3¢"ã2ã0 ¢GrÖæ–ÖFRÖ774ãBã¢·Ğ ¢G—RÖ6†V6´ãBã ¢FWVæFVæ6–W3 ¢&VÇVFRÖÇ3¢ã"ã ¢G—RÖFWFV7DBããƒ¢·Ğ ¢G—RÖfW7Dã#ã#¢·Ğ ¢G—RÖfW7Dã#ã3¢·Ğ ¢G—RÖfW7Dãrã¢·Ğ ¢G—RÖ—4"ãã ¢FWVæFVæ6–W3 ¢6öçFVçB×G—S¢"ãã ¢ÖVF–×G—W#¢ãã ¢Ö–ÖR×G—W3¢2ãã  ¢G—VFö2×ÇVv–âÖ6÷fW&vTBãã2‡G—VFö4ã#‚ã#‡G—W67&—DRã’ã2’“ ¢FWVæFVæ6–W3 ¢G—VFö3¢ã#‚ã#‡G—W67&—DRã’ã2 ¢G—VFö2×ÇVv–âÖÖ&¶F÷väBã"ã‡G—VFö4ã#‚ã#‡G—W67&—DRã’ã2’“ ¢FWVæFVæ6–W3 ¢G—VFö3¢ã#‚ã#‡G—W67&—DRã’ã2 ¢G—VFö4ã#‚ã#‡G—W67&—DRã’ã2“ ¢FWVæFVæ6–W3 ¢tvW'&—CöÖ–æ’×6†–¶’s¢2ã#2ã ¢ÇVç#¢"ã2ã¢Ö&¶F÷vâÖ—C¢Bã2ã ¢Ö–æ–ÖF6ƒ¢ã"ãP¢G—W67&—C¢Rã’ã0¢–ÖÃ¢"ã’ã  ¢G—W67&—DRã’ã3¢·Ğ ¢G—W67&—Dbãã3¢·Ğ ¢V×'6W"Ö§4ããC¢·Ğ ¢V2æÖ–7&ô"ãã¢·Ğ ¢VæF–6’×G—W4rã#Bãc¢·Ğ ¢Væ–6öFRÖ6æöæ–6Â×&÷W'G’ÖæÖW2ÖV6Ö67&—D"ãã¢·Ğ ¢Væ–6öFRÖÖF6‚×&÷W'G’ÖV6Ö67&—D"ãã ¢FWVæFVæ6–W3 ¢Væ–6öFRÖ6æöæ–6Â×&÷W'G’ÖæÖW2ÖV6Ö67&—C¢"ãã¢Væ–6öFR×&÷W'G’ÖÆ–6W2ÖV6Ö67&—C¢"ã"ã  ¢Væ–6öFRÖÖF6‚×&÷W'G’×fÇVRÖV6Ö67&—D"ã"ã¢·Ğ ¢Væ–6öFR×&÷W'G’ÖÆ–6W2ÖV6Ö67&—D"ã"ã¢·Ğ ¢Væ–6÷&âÖÖv–4ã2ã¢·Ğ ¢Væ—fW'6Æ–g”ã"ã¢·Ğ ¢Væ—fW'6Æ–g”"ãã¢·Ğ ¢Vç—Tãã¢·Ğ ¢WFFRÖ'&÷w6W'6Æ—7BÖF$ã"ã2†'&÷w6W'6Æ—7DBã#‚ãb“ ¢FWVæFVæ6–W3 ¢'&÷w6W'6Æ—7C¢Bã#‚ã`¢W66ÆFS¢2ã"ã ¢–6ö6öÆ÷'3¢ãã ¢W&’Ö§4BãBã ¢FWVæFVæ6–W3 ¢Vç–6öFS¢"ã2ã ¢W&Â×'6TãRã ¢FWVæFVæ6–W3 ¢VW'—7G&–æv–g“¢"ã"ã ¢&WV—&W2×÷'C¢ãã  ¢W6RÖ6ÆÆ&6²×&Vdã2ã2„G—W2÷&V7D’ã"ãr’‡&V7D’ãã“ ¢FWVæFVæ6–W3 ¢&V7C¢’ãã ¢G6Æ–#¢"ã‚ã¢÷F–öæÄFWVæFVæ6–W3 ¢tG—W2÷&V7Bs¢’ã"ãp ¢W6RÖ6ÆÆ&6²×&Vdã2ã2„G—W2÷&V7D’ã"ãr’‡&V7D’ã"ã2“ ¢FWVæFVæ6–W3 ¢&V7C¢’ã"ã0¢G6Æ–#¢"ã‚ã¢÷F–öæÄFWVæFVæ6–W3 ¢tG—W2÷&V7Bs¢’ã"ãp ¢W6RÖÆFW7BÖ6ÆÆ&6´ã"ãb‡&V7D’ã"ã2“ ¢FWVæFVæ6–W3 ¢&V7C¢’ã"ã0 ¢W6R×6–FV6$ãã2„G—W2÷&V7D’ã"ãr’‡&V7D’ãã“ ¢FWVæFVæ6–W3 ¢FWFV7BÖæöFRÖW3¢ãã ¢&V7C¢’ãã ¢G6Æ–#¢"ã‚ã¢÷F–öæÄFWVæFVæ6–W3 ¢tG—W2÷&V7Bs¢’ã"ãp ¢W6R×6–FV6$ãã2„G—W2÷&V7D’ã"ãr’‡&V7D’ã"ã2“ ¢FWVæFVæ6–W3 ¢FWFV7BÖæöFRÖW3¢ãã ¢&V7C¢’ã"ã0¢G6Æ–#¢"ã‚ã¢÷F–öæÄFWVæFVæ6–W3 ¢tG—W2÷&V7Bs¢’ã"ãp ¢W6R×7–æ2ÖW‡FW&æÂ×7F÷&Tãbã‡&V7D’ãã“ ¢FWVæFVæ6–W3 ¢&V7C¢’ãã  ¢WF–ÂÖFW&V6FTãã#¢·Ğ ¢WF–Ç2ÖÖW&vTãã¢·Ğ ¢WV–D2ãBã¢·Ğ ¢WV–Drãã3¢·Ğ ¢c‚×FòÖ—7Fæ'VÄ’ã2ã ¢FWVæFVæ6–W3 ¢t§&–FvWvVÆÂ÷G&6RÖÖ–ærs¢ã2ã3¢tG—W2ö—7Fæ'VÂÖÆ–"Ö6÷fW&vRs¢"ãã`¢6öçfW'B×6÷W&6RÖÖ¢"ãã  ¢fÆ–FFRÖçÒ×6¶vRÖæÖTRãã¢·Ğ ¢f'”ãã#¢·Ğ ¢fVÄãã"„G—W2÷&V7BÖFöÔ’ã"ã2„G—W2÷&V7D’ã"ãr’’„G—W2÷&V7D’ã"ãr’‡&V7BÖFöÔ’ãã‡&V7D’ãã’’‡&V7D’ãã“ ¢FWVæFVæ6–W3 ¢t&F—‚×V’÷&V7BÖF–Æörs¢ãã’„G—W2÷&V7BÖFöÔ’ã"ã2„G—W2÷&V7D’ã"ãr’’„G—W2÷&V7D’ã"ãr’‡&V7BÖFöÔ’ãã‡&V7D’ãã’’‡&V7D’ãã¢&V7C¢’ãã ¢&V7BÖFöÓ¢’ãã‡&V7D’ãã¢G&ç6—F—fUVW$FWVæFVæ6–W3 ¢ÒtG—W2÷&V7Bp¢ÒtG—W2÷&V7BÖFöÒp ¢fVÄãã"„G—W2÷&V7BÖFöÔ’ã"ã2„G—W2÷&V7D’ã"ãr’’„G—W2÷&V7D’ã"ãr’‡&V7BÖFöÔ’ã"ã2‡&V7D’ã"ã2’’‡&V7D’ã"ã2“ ¢FWVæFVæ6–W3 ¢t&F—‚×V’÷&V7BÖF–Æörs¢ãã’„G—W2÷&V7BÖFöÔ’ã"ã2„G—W2÷&V7D’ã"ãr’’„G—W2÷&V7D’ã"ãr’‡&V7BÖFöÔ’ã"ã2‡&V7D’ã"ã2’’‡&V7D’ã"ã2¢&V7C¢’ã"ã0¢&V7BÖFöÓ¢’ã"ã2‡&V7D’ã"ã2¢G&ç6—F—fUVW$FWVæFVæ6–W3 ¢ÒtG—W2÷&V7Bp¢ÒtG—W2÷&V7BÖFöÒp ¢f–7F÷'’×fVæF÷$3bã’ã# ¢FWVæFVæ6–W3 ¢tG—W2öC2Ö'&’s¢2ã"ã ¢tG—W2öC2ÖV6Rs¢2ãã ¢tG—W2öC2Ö–çFW'öÆFRs¢2ãã@¢tG—W2öC2×66ÆRs¢Bãã¢tG—W2öC2×6†Rs¢2ãã€¢tG—W2öC2×F–ÖRs¢2ãã@¢tG—W2öC2×F–ÖW"s¢2ãã ¢C2Ö'&“¢2ã"ã@¢C2ÖV6S¢2ãã¢C2Ö–çFW'öÆFS¢2ãã¢C2×66ÆS¢Bãã ¢C2×6†S¢2ã"ã ¢C2×F–ÖS¢2ãã ¢C2×F–ÖW#¢2ãã ¢f—FTrã2ãb„G—W2öæöFT#Rã’ãR’†¦—F”"ãrã’†Æ–v‡Fæ–æv774ã3"ã’‡FW'6W$RãC’ã’‡G7„Bã#2ã’‡–ÖÄ"ã’ã“ ¢FWVæFVæ6–W3 ¢W6'V–ÆC¢ã#rã0¢fF—#¢bãRã‡–6öÖF6„BããR¢–6öÖF6ƒ¢BããP¢÷7F773¢‚ãRã# ¢&öÆÇW¢Bãc"ã ¢F–ç–vÆö&'“¢ã"ãp¢÷F–öæÄFWVæFVæ6–W3 ¢tG—W2öæöFRs¢#Rã’ãP¢g6WfVçG3¢"ã2ã0¢¦—F“¢"ãrã ¢Æ–v‡Fæ–æv773¢ã3"ã ¢FW'6W#¢RãC’ã ¢G7ƒ¢Bã#2ã¢–ÖÃ¢"ã’ã  ¢fÇãã¢·Ğ ¢s62×†ÖÇ6W&–Æ—¦W$Bãã ¢FWVæFVæ6–W3 ¢†ÖÂÖæÖR×fÆ–FF÷#¢Bãã  ¢vÆ¶W$ããƒ ¢FWVæFVæ6–W3 ¢Ö¶VW'&÷#¢ãã  ¢v&âÖöæ6Tãã¢·Ğ ¢v7v–GF„ãã ¢FWVæFVæ6–W3 ¢FVfVÇG3¢ãã@ ¢vV&–FÂÖ6öçfW'6–öç42ãã¢·Ğ ¢vV&–FÂÖ6öçfW'6–öç4rãã¢·Ğ ¢v†GvrÖVæ6öF–æt"ãã ¢FWVæFVæ6–W3 ¢–6öçbÖÆ—FS¢ãbã0 ¢v†GvrÖfWF6„2ãbã#¢·Ğ ¢v†GvrÖÖ–ÖWG—T2ãã¢·Ğ ¢v†Gvr×W&ÂÖÖ–æ–×VÔãã#¢·Ğ ¢v†Gvr×W&Äãã ¢FWVæFVæ6–W3 ¢G#Cc¢2ãã ¢vV&–FÂÖ6öçfW'6–öç3¢rãã  ¢v†Gvr×W&ÄRãã ¢FWVæFVæ6–W3 ¢G#Cc¢ãã0¢vV&–FÂÖ6öçfW'6–öç3¢2ãã ¢v†–6„"ãã# ¢FWVæFVæ6–W3 ¢—6W†S¢"ãã  ¢v÷&B×w&ã"ãS¢·Ğ ¢v÷WFW$2ãã‡&V7D’ãã“ ¢FWVæFVæ6–W3 ¢Ö—GC¢2ãã¢&V7C¢’ãã ¢&VvW‡&Ó¢2ãã ¢W6R×7–æ2ÖW‡FW&æÂ×7F÷&S¢ãbã‡&V7D’ãã ¢w&Öç6”rãã ¢FWVæFVæ6–W3 ¢ç6’×7G–ÆW3¢Bã2ã ¢7G&–ær×v–GFƒ¢Bã"ã0¢7G&—Öç6“¢bãã ¢w&”ãã#¢·Ğ ¢w&—FRÖf–ÆRÖFöÖ–4Bãã# ¢FWVæFVæ6–W3 ¢–×W&×W&†6ƒ¢ãã@¢6–væÂÖW†—C¢2ããp ¢w4rãRã3¢·Ğ ¢w4‚ã#ã¢·Ğ ¢†6öFT2ãã ¢FWVæFVæ6–W3 ¢6–×ÆR×Æ—7C¢ã2ã¢WV–C¢rãã0 ¢†ÖÂÖæÖR×fÆ–FF÷$Bãã¢·Ğ ¢†ÖÃ&§4ãbã ¢FWVæFVæ6–W3 ¢6ƒ¢ãbã¢†ÖÆ'V–ÆFW#¢ãã ¢†ÖÆ'V–ÆFW$ãã¢·Ğ ¢†ÖÆ'V–ÆFW$Rãã¢·Ğ ¢†ÖÆ6†'4"ã"ã¢·Ğ ¢‡FVæDBãã#¢·Ğ ¢“†äRããƒ¢·Ğ ¢–ÆÆ—7D2ãã¢·Ğ ¢–ÖÄãã3¢·Ğ ¢–ÖÄ"ã’ã¢·Ğ ¢–&w2×'6W$#ã"ã“¢·Ğ ¢–&w2×'6W$#ãã¢·Ğ ¢–&w4bã"ã# ¢FWVæFVæ6–W3 ¢6Æ—V“¢rãã@¢W66ÆFS¢2ã"ã ¢vWBÖ6ÆÆW"Öf–ÆS¢"ããP¢&WV—&RÖF—&V7F÷'“¢"ãã¢7G&–ær×v–GFƒ¢Bã"ã0¢“†ã¢Rãã€¢–&w2×'6W#¢#ã"ã ¢–&w4rãrã3 ¢FWVæFVæ6–W3 ¢6Æ—V“¢‚ãã¢W66ÆFS¢2ã"ã ¢vWBÖ6ÆÆW"Öf–ÆS¢"ããP¢&WV—&RÖF—&V7F÷'“¢"ãã¢7G&–ær×v–GFƒ¢Bã"ã0¢“†ã¢Rãã€¢–&w2×'6W#¢#ãã ¢–ö7Fò×VWVTãã¢·Ğ ¢–ö7Fò×VWVTã"ã#¢·Ğ ¢–ö7Fö6öÆ÷'4"ãã#¢·Ğ ¢¦öB×fÆ–FF–öâÖW'&÷$2ãRãB‡¦öD2ã#Rãsb“ ¢FWVæFVæ6–W3 ¢¦öC¢2ã#Rãs` ¢¦öD2ã#Rãsc¢·Ğ